// !$*UTF8*$!
{
	archiveVersion = 1;
	classes = {
	};
	objectVersion = 50;
	objects = {

/* Begin PBXBuildFile section */
		C2C58B8A224B6F6E005D8F35 /* AppDelegate.swift in Sources */ = {isa = PBXBuildFile; fileRef = C2C58B89224B6F6E005D8F35 /* AppDelegate.swift */; };
		C2C58B8F224B6F6E005D8F35 /* Main.storyboard in Resources */ = {isa = PBXBuildFile; fileRef = C2C58B8D224B6F6E005D8F35 /* Main.storyboard */; };
		C2C58B91224B6F6F005D8F35 /* Assets.xcassets in Resources */ = {isa = PBXBuildFile; fileRef = C2C58B90224B6F6F005D8F35 /* Assets.xcassets */; };
		C2C58B94224B6F6F005D8F35 /* LaunchScreen.storyboard in Resources */ = {isa = PBXBuildFile; fileRef = C2C58B92224B6F6F005D8F35 /* LaunchScreen.storyboard */; };
		C2C58B9C224B6FDA005D8F35 /* PageListScreen.swift in Sources */ = {isa = PBXBuildFile; fileRef = C2C58B9B224B6FDA005D8F35 /* PageListScreen.swift */; };
		C2C58B9E224B6FE1005D8F35 /* PageCell.swift in Sources */ = {isa = PBXBuildFile; fileRef = C2C58B9D224B6FE1005D8F35 /* PageCell.swift */; };
		C2C58BA0224B6FEA005D8F35 /* Page.swift in Sources */ = {isa = PBXBuildFile; fileRef = C2C58B9F224B6FEA005D8F35 /* Page.swift */; };
		C2C58BA2224B6FF0005D8F35 /* ContentDisplay.swift in Sources */ = {isa = PBXBuildFile; fileRef = C2C58BA1224B6FF0005D8F35 /* ContentDisplay.swift */; };
/* End PBXBuildFile section */

/* Begin PBXFileReference section */
		C2C58B86224B6F6E005D8F35 /* CompanionApp.app */ = {isa = PBXFileReference; explicitFileType = wrapper.application; includeInIndex = 0; path = CompanionApp.app; sourceTree = BUILT_PRODUCTS_DIR; };
		C2C58B89224B6F6E005D8F35 /* AppDelegate.swift */ = {isa = PBXFileReference; lastKnownFileType = sourcecode.swift; path = AppDelegate.swift; sourceTree = "<group>"; };
		C2C58B8E224B6F6E005D8F35 /* Base */ = {isa = PBXFileReference; lastKnownFileType = file.storyboard; name = Base; path = Base.lproj/Main.storyboard; sourceTree = "<group>"; };
		C2C58B90224B6F6F005D8F35 /* Assets.xcassets */ = {isa = PBXFileReference; lastKnownFileType = folder.assetcatalog; path = Assets.xcassets; sourceTree = "<group>"; };
		C2C58B93224B6F6F005D8F35 /* Base */ = {isa = PBXFileReference; lastKnownFileType = file.storyboard; name = Base; path = Base.lproj/LaunchScreen.storyboard; sourceTree = "<group>"; };
		C2C58B95224B6F6F005D8F35 /* Info.plist */ = {isa = PBXFileReference; lastKnownFileType = text.plist.xml; path = Info.plist; sourceTree = "<group>"; };
		C2C58B9B224B6FDA005D8F35 /* PageListScreen.swift */ = {isa = PBXFileReference; fileEncoding = 4; lastKnownFileType = sourcecode.swift; path = PageListScreen.swift; sourceTree = "<group>"; };
		C2C58B9D224B6FE1005D8F35 /* PageCell.swift */ = {isa = PBXFileReference; fileEncoding = 4; lastKnownFileType = sourcecode.swift; path = PageCell.swift; sourceTree = "<group>"; };
		C2C58B9F224B6FEA005D8F35 /* Page.swift */ = {isa = PBXFileReference; fileEncoding = 4; lastKnownFileType = sourcecode.swift; path = Page.swift; sourceTree = "<group>"; };
		C2C58BA1224B6FF0005D8F35 /* ContentDisplay.swift */ = {isa = PBXFileReference; fileEncoding = 4; lastKnownFileType = sourcecode.swift; path = ContentDisplay.swift; sourceTree = "<group>"; };
/* End PBXFileReference section */

/* Begin PBXFrameworksBuildPhase section */
		C2C58B83224B6F6E005D8F35 /* Frameworks */ = {
			isa = PBXFrameworksBuildPhase;
			buildActionMask = 2147483647;
			files = (
			);
			runOnlyForDeploymentPostprocessing = 0;
		};
/* End PBXFrameworksBuildPhase section */

/* Begin PBXGroup section */
		C2C58B7D224B6F6E005D8F35 = {
			isa = PBXGroup;
			children = (
				C2C58B88224B6F6E005D8F35 /* CompanionApp */,
				C2C58B87224B6F6E005D8F35 /* Products */,
			);
			sourceTree = "<group>";
		};
		C2C58B87224B6F6E005D8F35 /* Products */ = {
			isa = PBXGroup;
			children = (
				C2C58B86224B6F6E005D8F35 /* CompanionApp.app */,
			);
			name = Products;
			sourceTree = "<group>";
		};
		C2C58B88224B6F6E005D8F35 /* CompanionApp */ = {
			isa = PBXGroup;
			children = (
				C2C58B89224B6F6E005D8F35 /* AppDelegate.swift */,
				C2C58B9B224B6FDA005D8F35 /* PageListScreen.swift */,
				C2C58B9D224B6FE1005D8F35 /* PageCell.swift */,
				C2C58B9F224B6FEA005D8F35 /* Page.swift */,
				C2C58BA1224B6FF0005D8F35 /* ContentDisplay.swift */,
				C2C58B8D224B6F6E005D8F35 /* Main.storyboard */,
				C2C58B90224B6F6F005D8F35 /* Assets.xcassets */,
				C2C58B92224B6F6F005D8F35 /* LaunchScreen.storyboard */,
				C2C58B95224B6F6F005D8F35 /* Info.plist */,
			);
			path = CompanionApp;
			sourceTree = "<group>";
		};
/* End PBXGroup section */

/* Begin PBXNativeTarget section */
		C2C58B85224B6F6E005D8F35 /* CompanionApp */ = {
			isa = PBXNativeTarget;
			buildConfigurationList = C2C58B98224B6F6F005D8F35 /* Build configuration list for PBXNativeTarget "CompanionApp" */;
			buildPhases = (
				C2C58B82224B6F6E005D8F35 /* Sources */,
				C2C58B83224B6F6E005D8F35 /* Frameworks */,
				C2C58B84224B6F6E005D8F35 /* Resources */,
			);
			buildRules = (
			);
			dependencies = (
			);
			name = CompanionApp;
			productName = CompanionApp;
			productReference = C2C58B86224B6F6E005D8F35 /* CompanionApp.app */;
			productType = "com.apple.product-type.application";
		};
/* End PBXNativeTarget section */

/* Begin PBXProject section */
		C2C58B7E224B6F6E005D8F35 /* Project object */ = {
			isa = PBXProject;
			attributes = {
				LastSwiftUpdateCheck = 1010;
				LastUpgradeCheck = 1010;
				ORGANIZATIONNAME = "Ariel Andelt";
				TargetAttributes = {
					C2C58B85224B6F6E005D8F35 = {
						CreatedOnToolsVersion = 10.1;
					};
				};
			};
			buildConfigurationList = C2C58B81224B6F6E005D8F35 /* Build configuration list for PBXProject "CompanionApp" */;
			compatibilityVersion = "Xcode 9.3";
			developmentRegion = en;
			hasScannedForEncodings = 0;
			knownRegions = (
				en,
				Base,
			);
			mainGroup = C2C58B7D224B6F6E005D8F35;
			productRefGroup = C2C58B87224B6F6E005D8F35 /* Products */;
			projectDirPath = "";
			projectRoot = "";
			targets = (
				C2C58B85224B6F6E005D8F35 /* CompanionApp */,
			);
		};
/* End PBXProject section */

/* Begin PBXResourcesBuildPhase section */
		C2C58B84224B6F6E005D8F35 /* Resources */ = {
			isa = PBXResourcesBuildPhase;
			buildActionMask = 2147483647;
			files = (
				C2C58B94224B6F6F005D8F35 /* LaunchScreen.storyboard in Resources */,
				C2C58B91224B6F6F005D8F35 /* Assets.xcassets in Resources */,
				C2C58B8F224B6F6E005D8F35 /* Main.storyboard in Resources */,
			);
			runOnlyForDeploymentPostprocessing = 0;
		};
/* End PBXResourcesBuildPhase section */

/* Begin PBXSourcesBuildPhase section */
		C2C58B82224B6F6E005D8F35 /* Sources */ = {
			isa = PBXSourcesBuildPhase;
			buildActionMask = 2147483647;
			files = (
				C2C58BA2224B6FF0005D8F35 /* ContentDisplay.swift in Sources */,
				C2C58B9C224B6FDA005D8F35 /* PageListScreen.swift in Sources */,
				C2C58B8A224B6F6E005D8F35 /* AppDelegate.swift in Sources */,
				C2C58BA0224B6FEA005D8F35 /* Page.swift in Sources */,
				C2C58B9E224B6FE1005D8F35 /* PageCell.swift in Sources */,
			);
			runOnlyForDeploymentPostprocessing = 0;
		};
/* End PBXSourcesBuildPhase section */

/* Begin PBXVariantGroup section */
		C2C58B8D224B6F6E005D8F35 /* Main.storyboard */ = {
			isa = PBXVariantGroup;
			children = (
				C2C58B8E224B6F6E005D8F35 /* Base */,
			);
			name = Main.storyboard;
			sourceTree = "<group>";
		};
		C2C58B92224B6F6F005D8F35 /* LaunchScreen.storyboard */ = {
			isa = PBXVariantGroup;
			children = (
				C2C58B93224B6F6F005D8F35 /* Base */,
			);
			name = LaunchScreen.storyboard;
			sourceTree = "<group>";
		};
/* End PBXVariantGroup section */

/* Begin XCBuildConfiguration section */
		C2C58B96224B6F6F005D8F35 /* Debug */ = {
			isa = XCBuildConfiguration;
			buildSettings = {
				ALWAYS_SEARCH_USER_PATHS = NO;
				CLANG_ANALYZER_NONNULL = YES;
				CLANG_ANALYZER_NUMBER_OBJECT_CONVERSION = YES_AGGRESSIVE;
				CLANG_CXX_LANGUAGE_STANDARD = "gnu++14";
				CLANG_CXX_LIBRARY = "libc++";
				CLANG_ENABLE_MODULES = YES;
				CLANG_ENABLE_OBJC_ARC = YES;
				CLANG_ENABLE_OBJC_WEAK = YES;
				CLANG_WARN_BLOCK_CAPTURE_AUTORELEASING = YES;
				CLANG_WARN_BOOL_CONVERSION = YES;
				CLANG_WARN_COMMA = YES;
				CLANG_WARN_CONSTANT_CONVERSION = YES;
				CLANG_WARN_DEPRECATED_OBJC_IMPLEMENTATIONS = YES;
				CLANG_WARN_DIRECT_OBJC_ISA_USAGE = YES_ERROR;
				CLANG_WARN_DOCUMENTATION_COMMENTS = YES;
				CLANG_WARN_EMPTY_BODY = YES;
				CLANG_WARN_ENUM_CONVERSION = YES;
				CLANG_WARN_INFINITE_RECURSION = YES;
				CLANG_WARN_INT_CONVERSION = YES;
				CLANG_WARN_NON_LITERAL_NULL_CONVERSION = YES;
				CLANG_WARN_OBJC_IMPLICIT_RETAIN_SELF = YES;
				CLANG_WARN_OBJC_LITERAL_CONVERSION = YES;
				CLANG_WARN_OBJC_ROOT_CLASS = YES_ERROR;
				CLANG_WARN_RANGE_LOOP_ANALYSIS = YES;
				CLANG_WARN_STRICT_PROTOTYPES = YES;
				CLANG_WARN_SUSPICIOUS_MOVE = YES;
				CLANG_WARN_UNGUARDED_AVAILABILITY = YES_AGGRESSIVE;
				CLANG_WARN_UNREACHABLE_CODE = YES;
				CLANG_WARN__DUPLICATE_METHOD_MATCH = YES;
				CODE_SIGN_IDENTITY = "iPhone Developer";
				COPY_PHASE_STRIP = NO;
				DEBUG_INFORMATION_FORMAT = dwarf;
				ENABLE_STRICT_OBJC_MSGSEND = YES;
				ENABLE_TESTABILITY = YES;
				GCC_C_LANGUAGE_STANDARD = gnu11;
				GCC_DYNAMIC_NO_PIC = NO;
				GCC_NO_COMMON_BLOCKS = YES;
				GCC_OPTIMIZATION_LEVEL = 0;
				GCC_PREPROCESSOR_DEFINITIONS = (
					"DEBUG=1",
					"$(inherited)",
				);
				GCC_WARN_64_TO_32_BIT_CONVERSION = YES;
				GCC_WARN_ABOUT_RETURN_TYPE = YES_ERROR;
				GCC_WARN_UNDECLARED_SELECTOR = YES;
				GCC_WARN_UNINITIALIZED_AUTOS = YES_AGGRESSIVE;
				GCC_WARN_UNUSED_FUNCTION = YES;
				GCC_WARN_UNUSED_VARIABLE = YES;
				IPHONEOS_DEPLOYMENT_TARGET = 12.1;
				MTL_ENABLE_DEBUG_INFO = INCLUDE_SOURCE;
				MTL_FAST_MATH = YES;
				ONLY_ACTIVE_ARCH = YES;
				SDKROOT = iphoneos;
				SWIFT_ACTIVE_COMPILATION_CONDITIONS = DEBUG;
				SWIFT_OPTIMIZATION_LEVEL = "-Onone";
			};
			name = Debug;
		};
		C2C58B97224B6F6F005D8F35 /* Release */ = {
			isa = XCBuildConfiguration;
			buildSettings = {
				ALWAYS_SEARCH_USER_PATHS = NO;
				CLANG_ANALYZER_NONNULL = YES;
				CLANG_ANALYZER_NUMBER_OBJECT_CONVERSION = YES_AGGRESSIVE;
				CLANG_CXX_LANGUAGE_STANDARD = "gnu++14";
				CLANG_CXX_LIBRARY = "libc++";
				CLANG_ENABLE_MODULES = YES;
				CLANG_ENABLE_OBJC_ARC = YES;
				CLANG_ENABLE_OBJC_WEAK = YES;
				CLANG_WARN_BLOCK_CAPTURE_AUTORELEASING = YES;
				CLANG_WARN_BOOL_CONVERSION = YES;
				CLANG_WARN_COMMA = YES;
				CLANG_WARN_CONSTANT_CONVERSION = YES;
				CLANG_WARN_DEPRECATED_OBJC_IMPLEMENTATIONS = YES;
				CLANG_WARN_DIRECT_OBJC_ISA_USAGE = YES_ERROR;
				CLANG_WARN_DOCUMENTATION_COMMENTS = YES;
				CLANG_WARN_EMPTY_BODY = YES;
				CLANG_WARN_ENUM_CONVERSION = YES;
				CLANG_WARN_INFINITE_RECURSION = YES;
				CLANG_WARN_INT_CONVERSION = YES;
				CLANG_WARN_NON_LITERAL_NULL_CONVERSION = YES;
				CLANG_WARN_OBJC_IMPLICIT_RETAIN_SELF = YES;
				CLANG_WARN_OBJC_LITERAL_CONVERSION = YES;
				CLANG_WARN_OBJC_ROOT_CLASS = YES_ERROR;
				CLANG_WARN_RANGE_LOOP_ANALYSIS = YES;
				CLANG_WARN_STRICT_PROTOTYPES = YES;
				CLANG_WARN_SUSPICIOUS_MOVE = YES;
				CLANG_WARN_UNGUARDED_AVAILABILITY = YES_AGGRESSIVE;
				CLANG_WARN_UNREACHABLE_CODE = YES;
				CLANG_WARN__DUPLICATE_METHOD_MATCH = YES;
				CODE_SIGN_IDENTITY = "iPhone Developer";
				COPY_PHASE_STRIP = NO;
				DEBUG_INFORMATION_FORMAT = "dwarf-with-dsym";
				ENABLE_NS_ASSERTIONS = NO;
				ENABLE_STRICT_OBJC_MSGSEND = YES;
				GCC_C_LANGUAGE_STANDARD = gnu11;
				GCC_NO_COMMON_BLOCKS = YES;
				GCC_WARN_64_TO_32_BIT_CONVERSION = YES;
				GCC_WARN_ABOUT_RETURN_TYPE = YES_ERROR;
				GCC_WARN_UNDECLARED_SELECTOR = YES;
				GCC_WARN_UNINITIALIZED_AUTOS = YES_AGGRESSIVE;
				GCC_WARN_UNUSED_FUNCTION = YES;
				GCC_WARN_UNUSED_VARIABLE = YES;
				IPHONEOS_DEPLOYMENT_TARGET = 12.1;
				MTL_ENABLE_DEBUG_INFO = NO;
				MTL_FAST_MATH = YES;
				SDKROOT = iphoneos;
				SWIFT_COMPILATION_MODE = wholemodule;
				SWIFT_OPTIMIZATION_LEVEL = "-O";
				VALIDATE_PRODUCT = YES;
			};
			name = Release;
		};
		C2C58B99224B6F6F005D8F35 /* Debug */ = {
			isa = XCBuildConfiguration;
			buildSettings = {
				ASSETCATALOG_COMPILER_APPICON_NAME = AppIcon;
				CODE_SIGN_STYLE = Automatic;
				DEVELOPMENT_TEAM = 2N2WYKSYDC;
				INFOPLIST_FILE = CompanionApp/Info.plist;
				LD_RUNPATH_SEARCH_PATHS = (
					"$(inherited)",
					"@executable_path/Frameworks",
				);
				PRODUCT_BUNDLE_IDENTIFIER = aandcorp.CompanionApp;
				PRODUCT_NAME = "$(TARGET_NAME)";
				SWIFT_VERSION = 4.2;
				TARGETED_DEVICE_FAMILY = "1,2";
			};
			name = Debug;
		};
		C2C58B9A224B6F6F005D8F35 /* Release */ = {
			isa = XCBuildConfiguration;
			buildSettings = {
				ASSETCATALOG_COMPILER_APPICON_NAME = AppIcon;
				CODE_SIGN_STYLE = Automatic;
				DEVELOPMENT_TEAM = 2N2WYKSYDC;
				INFOPLIST_FILE = CompanionApp/Info.plist;
				LD_RUNPATH_SEARCH_PATHS = (
					"$(inherited)",
					"@executable_path/Frameworks",
				);
				PRODUCT_BUNDLE_IDENTIFIER = aandcorp.CompanionApp;
				PRODUCT_NAME = "$(TARGET_NAME)";
				SWIFT_VERSION = 4.2;
				TARGETED_DEVICE_FAMILY = "1,2";
			};
			name = Release;
		};
/* End XCBuildConfiguration section */

/* Begin XCConfigurationList section */
		C2C58B81224B6F6E005D8F35 /* Build configuration list for PBXProject "CompanionApp" */ = {
			isa = XCConfigurationList;
			buildConfigurations = (
				C2C58B96224B6F6F005D8F35 /* Debug */,
				C2C58B97224B6F6F005D8F35 /* Release */,
			);
			defaultConfigurationIsVisible = 0;
			defaultConfigurationName = Release;
		};
		C2C58B98224B6F6F005D8F35 /* Build configuration list for PBXNativeTarget "CompanionApp" */ = {
			isa = XCConfigurationList;
			buildConfigurations = (
				C2C58B99224B6F6F005D8F35 /* Debug */,
				C2C58B9A224B6F6F005D8F35 /* Release */,
			);
			defaultConfigurationIsVisible = 0;
			defaultConfigurationName = Release;
		};
/* End XCConfigurationList section */
	};
	rootObject = C2C58B7E224B6F6E005D8F35 /* Project object */;
}
